Microsoft Visual Studio Solution File, Format Version 11.00
# Visual Studio 2008

Project("{ECB91F00-8AF9-BB69-F863-8DA5FD035AFA}") = "Cannon Prototype", "Assembly-CSharp.csproj", "{106CC60F-B6CE-0855-6262-F98B8C064530}"
EndProject
Global
	GlobalSection(SolutionConfigurationPlatforms) = preSolution
		Debug|Any CPU = Debug|Any CPU
		Release|Any CPU = Release|Any CPU
	EndGlobalSection
	GlobalSection(ProjectConfigurationPlatforms) = postSolution
		{106CC60F-B6CE-0855-6262-F98B8C064530}.Debug|Any CPU.ActiveCfg = Debug|Any CPU
		{106CC60F-B6CE-0855-6262-F98B8C064530}.Debug|Any CPU.Build.0 = Debug|Any CPU
		{106CC60F-B6CE-0855-6262-F98B8C064530}.Release|Any CPU.ActiveCfg = Release|Any CPU
		{106CC60F-B6CE-0855-6262-F98B8C064530}.Release|Any CPU.Build.0 = Release|Any CPU
	EndGlobalSection
	GlobalSection(SolutionProperties) = preSolution
		HideSolutionNode = FALSE
	EndGlobalSection
	GlobalSection(MonoDevelopProperties) = preSolution
		StartupItem = Assembly-CSharp.csproj
	EndGlobalSection
EndGlobal
